
Microsoft Visual Studio Solution File, Format Version 12.00
# Visual Studio Version 16
VisualStudioVersion = 16.0.29806.167
MinimumVisualStudioVersion = 10.0.40219.1
Project("{9A19103F-16F7-4668-BE54-9A1E7A4F7556}") = "RWI.Common", "RWI.Common\RWI.Common.csproj", "{E1709B81-0F16-403A-BECA-04F20CA8BC05}"
EndProject
Project("{9A19103F-16F7-4668-BE54-9A1E7A4F7556}") = "RWI.WebApi", "RWI.WebApi\RWI.WebApi.csproj", "{E34620C7-5733-4B31-83E1-3F161A691F4C}"
EndProject
Project("{FAE04EC0-301F-11D3-BF4B-00C04F79EFBC}") = "RWI.Cnsl.ConversionComparison", "RWI.Cnsl.ConversionComparison\RWI.Cnsl.ConversionComparison.csproj", "{B0EB9A3A-A412-4049-8E74-EA2AECC10122}"
EndProject
Global
	GlobalSection(SolutionConfigurationPlatforms) = preSolution
		Debug|Any CPU = Debug|Any CPU
		Release|Any CPU = Release|Any CPU
	EndGlobalSection
	GlobalSection(ProjectConfigurationPlatforms) = postSolution
		{E1709B81-0F16-403A-BECA-04F20CA8BC05}.Debug|Any CPU.ActiveCfg = Debug|Any CPU
		{E1709B81-0F16-403A-BECA-04F20CA8BC05}.Debug|Any CPU.Build.0 = Debug|Any CPU
		{E1709B81-0F16-403A-BECA-04F20CA8BC05}.Release|Any CPU.ActiveCfg = Release|Any CPU
		{E1709B81-0F16-403A-BECA-04F20CA8BC05}.Release|Any CPU.Build.0 = Release|Any CPU
		{E34620C7-5733-4B31-83E1-3F161A691F4C}.Debug|Any CPU.ActiveCfg = Debug|Any CPU
		{E34620C7-5733-4B31-83E1-3F161A691F4C}.Debug|Any CPU.Build.0 = Debug|Any CPU
		{E34620C7-5733-4B31-83E1-3F161A691F4C}.Release|Any CPU.ActiveCfg = Release|Any CPU
		{E34620C7-5733-4B31-83E1-3F161A691F4C}.Release|Any CPU.Build.0 = Release|Any CPU
		{B0EB9A3A-A412-4049-8E74-EA2AECC10122}.Debug|Any CPU.ActiveCfg = Debug|Any CPU
		{B0EB9A3A-A412-4049-8E74-EA2AECC10122}.Debug|Any CPU.Build.0 = Debug|Any CPU
		{B0EB9A3A-A412-4049-8E74-EA2AECC10122}.Release|Any CPU.ActiveCfg = Release|Any CPU
		{B0EB9A3A-A412-4049-8E74-EA2AECC10122}.Release|Any CPU.Build.0 = Release|Any CPU
	EndGlobalSection
	GlobalSection(SolutionProperties) = preSolution
		HideSolutionNode = FALSE
	EndGlobalSection
	GlobalSection(ExtensibilityGlobals) = postSolution
		SolutionGuid = {833C4AE1-BC40-41FD-BEC3-A5E5E9C1D834}
	EndGlobalSection
EndGlobal
